// !$*UTF8*$!
{
	archiveVersion = 1;
	classes = {
	};
	objectVersion = 56;
	objects = {

/* Begin PBXBuildFile section */
		FBA929E829112CA000785A41 /* HtmlComponents.swift in Sources */ = {isa = PBXBuildFile; fileRef = FBA929E729112CA000785A41 /* HtmlComponents.swift */; };
		FBA929EA29112DB200785A41 /* M3u8Collector.swift in Sources */ = {isa = PBXBuildFile; fileRef = FBA929E929112DB200785A41 /* M3u8Collector.swift */; };
		FBA929EC29112EAC00785A41 /* Segment.swift in Sources */ = {isa = PBXBuildFile; fileRef = FBA929EB29112EAC00785A41 /* Segment.swift */; };
		FBCB5EBD2910950E000C96A7 /* HLSStreamerApp.swift in Sources */ = {isa = PBXBuildFile; fileRef = FBCB5EBC2910950E000C96A7 /* HLSStreamerApp.swift */; };
		FBCB5EBF2910950E000C96A7 /* ContentView.swift in Sources */ = {isa = PBXBuildFile; fileRef = FBCB5EBE2910950E000C96A7 /* ContentView.swift */; };
		FBCB5EC12910950E000C96A7 /* Assets.xcassets in Resources */ = {isa = PBXBuildFile; fileRef = FBCB5EC02910950E000C96A7 /* Assets.xcassets */; };
		FBCB5EC42910950E000C96A7 /* Preview Assets.xcassets in Resources */ = {isa = PBXBuildFile; fileRef = FBCB5EC32910950E000C96A7 /* Preview Assets.xcassets */; };
		FBCB5ECC291096C9000C96A7 /* ScreenRecorder.swift in Sources */ = {isa = PBXBuildFile; fileRef = FBCB5ECB291096C9000C96A7 /* ScreenRecorder.swift */; };
		FBCB5ED32910B4C6000C96A7 /* Swifter in Frameworks */ = {isa = PBXBuildFile; productRef = FBCB5ED22910B4C6000C96A7 /* Swifter */; };
		FBCB5EEF2910BA3C000C96A7 /* ReplayKit.framework in Frameworks */ = {isa = PBXBuildFile; fileRef = FBCB5EDB2910B966000C96A7 /* ReplayKit.framework */; };
		FBCB5EF22910BA3C000C96A7 /* SampleHandler.swift in Sources */ = {isa = PBXBuildFile; fileRef = FBCB5EF12910BA3C000C96A7 /* SampleHandler.swift */; };
		FBCB5EF92910BA3C000C96A7 /* ReplayKit.framework in Frameworks */ = {isa = PBXBuildFile; fileRef = FBCB5EDB2910B966000C96A7 /* ReplayKit.framework */; };
		FBCB5EFA2910BA3C000C96A7 /* UIKit.framework in Frameworks */ = {isa = PBXBuildFile; fileRef = FBCB5EDD2910B966000C96A7 /* UIKit.framework */; };
		FBCB5EFD2910BA3C000C96A7 /* BroadcastSetupViewController.swift in Sources */ = {isa = PBXBuildFile; fileRef = FBCB5EFC2910BA3C000C96A7 /* BroadcastSetupViewController.swift */; };
		FBCB5F012910BA3C000C96A7 /* HLSStreamerContentUploadExtensionSetupUI.appex in Embed Foundation Extensions */ = {isa = PBXBuildFile; fileRef = FBCB5EF82910BA3C000C96A7 /* HLSStreamerContentUploadExtensionSetupUI.appex */; settings = {ATTRIBUTES = (RemoveHeadersOnCopy, ); }; };
		FBCB5F042910BA3C000C96A7 /* HLSStreamerContentUploadExtension.appex in Embed Foundation Extensions */ = {isa = PBXBuildFile; fileRef = FBCB5EEE2910BA3C000C96A7 /* HLSStreamerContentUploadExtension.appex */; settings = {ATTRIBUTES = (RemoveHeadersOnCopy, ); }; };
		FBCB5F0B2910BB9B000C96A7 /* HLSServer.swift in Sources */ = {isa = PBXBuildFile; fileRef = FBCB5ECF2910B485000C96A7 /* HLSServer.swift */; };
		FBCB5F0F2910BDBE000C96A7 /* Swifter in Frameworks */ = {isa = PBXBuildFile; productRef = FBCB5F0E2910BDBE000C96A7 /* Swifter */; };
		FBCB5F112910C166000C96A7 /* VideoSegmenter.swift in Sources */ = {isa = PBXBuildFile; fileRef = FBCB5F102910C166000C96A7 /* VideoSegmenter.swift */; };
		FBCB5F132910C1DB000C96A7 /* AVKit.framework in Frameworks */ = {isa = PBXBuildFile; fileRef = FBCB5F122910C1DB000C96A7 /* AVKit.framework */; };
		FBCB5F152910C1E0000C96A7 /* VideoToolbox.framework in Frameworks */ = {isa = PBXBuildFile; fileRef = FBCB5F142910C1E0000C96A7 /* VideoToolbox.framework */; };
		FBE708B12911133D00A4FA3F /* Configuration.swift in Sources */ = {isa = PBXBuildFile; fileRef = FBE708B02911133D00A4FA3F /* Configuration.swift */; };
/* End PBXBuildFile section */

/* Begin PBXContainerItemProxy section */
		FBCB5EFF2910BA3C000C96A7 /* PBXContainerItemProxy */ = {
			isa = PBXContainerItemProxy;
			containerPortal = FBCB5EB12910950E000C96A7 /* Project object */;
			proxyType = 1;
			remoteGlobalIDString = FBCB5EF72910BA3C000C96A7;
			remoteInfo = HLSStreamerContentUploadExtensionSetupUI;
		};
		FBCB5F022910BA3C000C96A7 /* PBXContainerItemProxy */ = {
			isa = PBXContainerItemProxy;
			containerPortal = FBCB5EB12910950E000C96A7 /* Project object */;
			proxyType = 1;
			remoteGlobalIDString = FBCB5EED2910BA3C000C96A7;
			remoteInfo = HLSStreamerContentUploadExtension;
		};
/* End PBXContainerItemProxy section */

/* Begin PBXCopyFilesBuildPhase section */
		FBCB5EE92910B966000C96A7 /* Embed Foundation Extensions */ = {
			isa = PBXCopyFilesBuildPhase;
			buildActionMask = 2147483647;
			dstPath = "";
			dstSubfolderSpec = 13;
			files = (
				FBCB5F012910BA3C000C96A7 /* HLSStreamerContentUploadExtensionSetupUI.appex in Embed Foundation Extensions */,
				FBCB5F042910BA3C000C96A7 /* HLSStreamerContentUploadExtension.appex in Embed Foundation Extensions */,
			);
			name = "Embed Foundation Extensions";
			runOnlyForDeploymentPostprocessing = 0;
		};
/* End PBXCopyFilesBuildPhase section */

/* Begin PBXFileReference section */
		FBA929E729112CA000785A41 /* HtmlComponents.swift */ = {isa = PBXFileReference; lastKnownFileType = sourcecode.swift; path = HtmlComponents.swift; sourceTree = "<group>"; };
		FBA929E929112DB200785A41 /* M3u8Collector.swift */ = {isa = PBXFileReference; lastKnownFileType = sourcecode.swift; path = M3u8Collector.swift; sourceTree = "<group>"; };
		FBA929EB29112EAC00785A41 /* Segment.swift */ = {isa = PBXFileReference; lastKnownFileType = sourcecode.swift; path = Segment.swift; sourceTree = "<group>"; };
		FBCB5EB92910950E000C96A7 /* HLSStreamer.app */ = {isa = PBXFileReference; explicitFileType = wrapper.application; includeInIndex = 0; path = HLSStreamer.app; sourceTree = BUILT_PRODUCTS_DIR; };
		FBCB5EBC2910950E000C96A7 /* HLSStreamerApp.swift */ = {isa = PBXFileReference; lastKnownFileType = sourcecode.swift; path = HLSStreamerApp.swift; sourceTree = "<group>"; };
		FBCB5EBE2910950E000C96A7 /* ContentView.swift */ = {isa = PBXFileReference; lastKnownFileType = sourcecode.swift; path = ContentView.swift; sourceTree = "<group>"; };
		FBCB5EC02910950E000C96A7 /* Assets.xcassets */ = {isa = PBXFileReference; lastKnownFileType = folder.assetcatalog; path = Assets.xcassets; sourceTree = "<group>"; };
		FBCB5EC32910950E000C96A7 /* Preview Assets.xcassets */ = {isa = PBXFileReference; lastKnownFileType = folder.assetcatalog; path = "Preview Assets.xcassets"; sourceTree = "<group>"; };
		FBCB5ECA29109638000C96A7 /* HLSStreamer.entitlements */ = {isa = PBXFileReference; lastKnownFileType = text.plist.entitlements; path = HLSStreamer.entitlements; sourceTree = "<group>"; };
		FBCB5ECB291096C9000C96A7 /* ScreenRecorder.swift */ = {isa = PBXFileReference; lastKnownFileType = sourcecode.swift; path = ScreenRecorder.swift; sourceTree = "<group>"; };
		FBCB5ECF2910B485000C96A7 /* HLSServer.swift */ = {isa = PBXFileReference; fileEncoding = 4; lastKnownFileType = sourcecode.swift; path = HLSServer.swift; sourceTree = "<group>"; };
		FBCB5ED42910B80C000C96A7 /* Info.plist */ = {isa = PBXFileReference; lastKnownFileType = text.plist; path = Info.plist; sourceTree = "<group>"; };
		FBCB5EDB2910B966000C96A7 /* ReplayKit.framework */ = {isa = PBXFileReference; lastKnownFileType = wrapper.framework; name = ReplayKit.framework; path = System/Library/Frameworks/ReplayKit.framework; sourceTree = SDKROOT; };
		FBCB5EDD2910B966000C96A7 /* UIKit.framework */ = {isa = PBXFileReference; lastKnownFileType = wrapper.framework; name = UIKit.framework; path = System/Library/Frameworks/UIKit.framework; sourceTree = SDKROOT; };
		FBCB5EEE2910BA3C000C96A7 /* HLSStreamerContentUploadExtension.appex */ = {isa = PBXFileReference; explicitFileType = "wrapper.app-extension"; includeInIndex = 0; path = HLSStreamerContentUploadExtension.appex; sourceTree = BUILT_PRODUCTS_DIR; };
		FBCB5EF12910BA3C000C96A7 /* SampleHandler.swift */ = {isa = PBXFileReference; lastKnownFileType = sourcecode.swift; path = SampleHandler.swift; sourceTree = "<group>"; };
		FBCB5EF82910BA3C000C96A7 /* HLSStreamerContentUploadExtensionSetupUI.appex */ = {isa = PBXFileReference; explicitFileType = "wrapper.app-extension"; includeInIndex = 0; path = HLSStreamerContentUploadExtensionSetupUI.appex; sourceTree = BUILT_PRODUCTS_DIR; };
		FBCB5EFC2910BA3C000C96A7 /* BroadcastSetupViewController.swift */ = {isa = PBXFileReference; lastKnownFileType = sourcecode.swift; path = BroadcastSetupViewController.swift; sourceTree = "<group>"; };
		FBCB5EFE2910BA3C000C96A7 /* Info.plist */ = {isa = PBXFileReference; lastKnownFileType = text.plist.xml; path = Info.plist; sourceTree = "<group>"; };
		FBCB5F0C2910BD1F000C96A7 /* Info.plist */ = {isa = PBXFileReference; fileEncoding = 4; lastKnownFileType = text.plist.xml; path = Info.plist; sourceTree = "<group>"; };
		FBCB5F102910C166000C96A7 /* VideoSegmenter.swift */ = {isa = PBXFileReference; lastKnownFileType = sourcecode.swift; path = VideoSegmenter.swift; sourceTree = "<group>"; };
		FBCB5F122910C1DB000C96A7 /* AVKit.framework */ = {isa = PBXFileReference; lastKnownFileType = wrapper.framework; name = AVKit.framework; path = System/Library/Frameworks/AVKit.framework; sourceTree = SDKROOT; };
		FBCB5F142910C1E0000C96A7 /* VideoToolbox.framework */ = {isa = PBXFileReference; lastKnownFileType = wrapper.framework; name = VideoToolbox.framework; path = System/Library/Frameworks/VideoToolbox.framework; sourceTree = SDKROOT; };
		FBE708B02911133D00A4FA3F /* Configuration.swift */ = {isa = PBXFileReference; lastKnownFileType = sourcecode.swift; path = Configuration.swift; sourceTree = "<group>"; };
/* End PBXFileReference section */

/* Begin PBXFrameworksBuildPhase section */
		FBCB5EB62910950E000C96A7 /* Frameworks */ = {
			isa = PBXFrameworksBuildPhase;
			buildActionMask = 2147483647;
			files = (
				FBCB5ED32910B4C6000C96A7 /* Swifter in Frameworks */,
			);
			runOnlyForDeploymentPostprocessing = 0;
		};
		FBCB5EEB2910BA3C000C96A7 /* Frameworks */ = {
			isa = PBXFrameworksBuildPhase;
			buildActionMask = 2147483647;
			files = (
				FBCB5F152910C1E0000C96A7 /* VideoToolbox.framework in Frameworks */,
				FBCB5EEF2910BA3C000C96A7 /* ReplayKit.framework in Frameworks */,
				FBCB5F0F2910BDBE000C96A7 /* Swifter in Frameworks */,
				FBCB5F132910C1DB000C96A7 /* AVKit.framework in Frameworks */,
			);
			runOnlyForDeploymentPostprocessing = 0;
		};
		FBCB5EF52910BA3C000C96A7 /* Frameworks */ = {
			isa = PBXFrameworksBuildPhase;
			buildActionMask = 2147483647;
			files = (
				FBCB5EF92910BA3C000C96A7 /* ReplayKit.framework in Frameworks */,
				FBCB5EFA2910BA3C000C96A7 /* UIKit.framework in Frameworks */,
			);
			runOnlyForDeploymentPostprocessing = 0;
		};
/* End PBXFrameworksBuildPhase section */

/* Begin PBXGroup section */
		FBCB5EB02910950E000C96A7 = {
			isa = PBXGroup;
			children = (
				FBCB5EBB2910950E000C96A7 /* HLSStreamer */,
				FBCB5EF02910BA3C000C96A7 /* HLSStreamerContentUploadExtension */,
				FBCB5EFB2910BA3C000C96A7 /* HLSStreamerContentUploadExtensionSetupUI */,
				FBCB5EDA2910B966000C96A7 /* Frameworks */,
				FBCB5EBA2910950E000C96A7 /* Products */,
			);
			sourceTree = "<group>";
		};
		FBCB5EBA2910950E000C96A7 /* Products */ = {
			isa = PBXGroup;
			children = (
				FBCB5EB92910950E000C96A7 /* HLSStreamer.app */,
				FBCB5EEE2910BA3C000C96A7 /* HLSStreamerContentUploadExtension.appex */,
				FBCB5EF82910BA3C000C96A7 /* HLSStreamerContentUploadExtensionSetupUI.appex */,
			);
			name = Products;
			sourceTree = "<group>";
		};
		FBCB5EBB2910950E000C96A7 /* HLSStreamer */ = {
			isa = PBXGroup;
			children = (
				FBCB5ED42910B80C000C96A7 /* Info.plist */,
				FBCB5ECA29109638000C96A7 /* HLSStreamer.entitlements */,
				FBCB5EBC2910950E000C96A7 /* HLSStreamerApp.swift */,
				FBCB5EBE2910950E000C96A7 /* ContentView.swift */,
				FBCB5EC02910950E000C96A7 /* Assets.xcassets */,
				FBCB5EC22910950E000C96A7 /* Preview Content */,
				FBCB5ECB291096C9000C96A7 /* ScreenRecorder.swift */,
			);
			path = HLSStreamer;
			sourceTree = "<group>";
		};
		FBCB5EC22910950E000C96A7 /* Preview Content */ = {
			isa = PBXGroup;
			children = (
				FBCB5EC32910950E000C96A7 /* Preview Assets.xcassets */,
			);
			path = "Preview Content";
			sourceTree = "<group>";
		};
		FBCB5EDA2910B966000C96A7 /* Frameworks */ = {
			isa = PBXGroup;
			children = (
				FBCB5F142910C1E0000C96A7 /* VideoToolbox.framework */,
				FBCB5F122910C1DB000C96A7 /* AVKit.framework */,
				FBCB5EDB2910B966000C96A7 /* ReplayKit.framework */,
				FBCB5EDD2910B966000C96A7 /* UIKit.framework */,
			);
			name = Frameworks;
			sourceTree = "<group>";
		};
		FBCB5EF02910BA3C000C96A7 /* HLSStreamerContentUploadExtension */ = {
			isa = PBXGroup;
			children = (
				FBCB5F0C2910BD1F000C96A7 /* Info.plist */,
				FBCB5ECF2910B485000C96A7 /* HLSServer.swift */,
				FBCB5EF12910BA3C000C96A7 /* SampleHandler.swift */,
				FBCB5F102910C166000C96A7 /* VideoSegmenter.swift */,
				FBE708B02911133D00A4FA3F /* Configuration.swift */,
				FBA929E729112CA000785A41 /* HtmlComponents.swift */,
				FBA929E929112DB200785A41 /* M3u8Collector.swift */,
				FBA929EB29112EAC00785A41 /* Segment.swift */,
			);
			path = HLSStreamerContentUploadExtension;
			sourceTree = "<group>";
		};
		FBCB5EFB2910BA3C000C96A7 /* HLSStreamerContentUploadExtensionSetupUI */ = {
			isa = PBXGroup;
			children = (
				FBCB5EFC2910BA3C000C96A7 /* BroadcastSetupViewController.swift */,
				FBCB5EFE2910BA3C000C96A7 /* Info.plist */,
			);
			path = HLSStreamerContentUploadExtensionSetupUI;
			sourceTree = "<group>";
		};
/* End PBXGroup section */

/* Begin PBXNativeTarget section */
		FBCB5EB82910950E000C96A7 /* HLSStreamer */ = {
			isa = PBXNativeTarget;
			buildConfigurationList = FBCB5EC72910950E000C96A7 /* Build configuration list for PBXNativeTarget "HLSStreamer" */;
			buildPhases = (
				FBCB5EB52910950E000C96A7 /* Sources */,
				FBCB5EB62910950E000C96A7 /* Frameworks */,
				FBCB5EB72910950E000C96A7 /* Resources */,
				FBCB5EE92910B966000C96A7 /* Embed Foundation Extensions */,
			);
			buildRules = (
			);
			dependencies = (
				FBCB5F002910BA3C000C96A7 /* PBXTargetDependency */,
				FBCB5F032910BA3C000C96A7 /* PBXTargetDependency */,
			);
			name = HLSStreamer;
			packageProductDependencies = (
				FBCB5ED22910B4C6000C96A7 /* Swifter */,
			);
			productName = HLSStreamer;
			productReference = FBCB5EB92910950E000C96A7 /* HLSStreamer.app */;
			productType = "com.apple.product-type.application";
		};
		FBCB5EED2910BA3C000C96A7 /* HLSStreamerContentUploadExtension */ = {
			isa = PBXNativeTarget;
			buildConfigurationList = FBCB5F082910BA3C000C96A7 /* Build configuration list for PBXNativeTarget "HLSStreamerContentUploadExtension" */;
			buildPhases = (
				FBCB5EEA2910BA3C000C96A7 /* Sources */,
				FBCB5EEB2910BA3C000C96A7 /* Frameworks */,
				FBCB5EEC2910BA3C000C96A7 /* Resources */,
			);
			buildRules = (
			);
			dependencies = (
			);
			name = HLSStreamerContentUploadExtension;
			packageProductDependencies = (
				FBCB5F0E2910BDBE000C96A7 /* Swifter */,
			);
			productName = HLSStreamerContentUploadExtension;
			productReference = FBCB5EEE2910BA3C000C96A7 /* HLSStreamerContentUploadExtension.appex */;
			productType = "com.apple.product-type.app-extension";
		};
		FBCB5EF72910BA3C000C96A7 /* HLSStreamerContentUploadExtensionSetupUI */ = {
			isa = PBXNativeTarget;
			buildConfigurationList = FBCB5F052910BA3C000C96A7 /* Build configuration list for PBXNativeTarget "HLSStreamerContentUploadExtensionSetupUI" */;
			buildPhases = (
				FBCB5EF42910BA3C000C96A7 /* Sources */,
				FBCB5EF52910BA3C000C96A7 /* Frameworks */,
				FBCB5EF62910BA3C000C96A7 /* Resources */,
			);
			buildRules = (
			);
			dependencies = (
			);
			name = HLSStreamerContentUploadExtensionSetupUI;
			productName = HLSStreamerContentUploadExtensionSetupUI;
			productReference = FBCB5EF82910BA3C000C96A7 /* HLSStreamerContentUploadExtensionSetupUI.appex */;
			productType = "com.apple.product-type.app-extension";
		};
/* End PBXNativeTarget section */

/* Begin PBXProject section */
		FBCB5EB12910950E000C96A7 /* Project object */ = {
			isa = PBXProject;
			attributes = {
				BuildIndependentTargetsInParallel = 1;
				LastSwiftUpdateCheck = 1400;
				LastUpgradeCheck = 1400;
				TargetAttributes = {
					FBCB5EB82910950E000C96A7 = {
						CreatedOnToolsVersion = 14.0.1;
					};
					FBCB5EED2910BA3C000C96A7 = {
						CreatedOnToolsVersion = 14.0.1;
					};
					FBCB5EF72910BA3C000C96A7 = {
						CreatedOnToolsVersion = 14.0.1;
					};
				};
			};
			buildConfigurationList = FBCB5EB42910950E000C96A7 /* Build configuration list for PBXProject "HLSStreamer" */;
			compatibilityVersion = "Xcode 14.0";
			developmentRegion = en;
			hasScannedForEncodings = 0;
			knownRegions = (
				en,
				Base,
			);
			mainGroup = FBCB5EB02910950E000C96A7;
			packageReferences = (
				FBCB5ED12910B4C6000C96A7 /* XCRemoteSwiftPackageReference "swifter" */,
			);
			productRefGroup = FBCB5EBA2910950E000C96A7 /* Products */;
			projectDirPath = "";
			projectRoot = "";
			targets = (
				FBCB5EB82910950E000C96A7 /* HLSStreamer */,
				FBCB5EED2910BA3C000C96A7 /* HLSStreamerContentUploadExtension */,
				FBCB5EF72910BA3C000C96A7 /* HLSStreamerContentUploadExtensionSetupUI */,
			);
		};
/* End PBXProject section */

/* Begin PBXResourcesBuildPhase section */
		FBCB5EB72910950E000C96A7 /* Resources */ = {
			isa = PBXResourcesBuildPhase;
			buildActionMask = 2147483647;
			files = (
				FBCB5EC42910950E000C96A7 /* Preview Assets.xcassets in Resources */,
				FBCB5EC12910950E000C96A7 /* Assets.xcassets in Resources */,
			);
			runOnlyForDeploymentPostprocessing = 0;
		};
		FBCB5EEC2910BA3C000C96A7 /* Resources */ = {
			isa = PBXResourcesBuildPhase;
			buildActionMask = 2147483647;
			files = (
			);
			runOnlyForDeploymentPostprocessing = 0;
		};
		FBCB5EF62910BA3C000C96A7 /* Resources */ = {
			isa = PBXResourcesBuildPhase;
			buildActionMask = 2147483647;
			files = (
			);
			runOnlyForDeploymentPostprocessing = 0;
		};
/* End PBXResourcesBuildPhase section */

/* Begin PBXSourcesBuildPhase section */
		FBCB5EB52910950E000C96A7 /* Sources */ = {
			isa = PBXSourcesBuildPhase;
			buildActionMask = 2147483647;
			files = (
				FBCB5EBF2910950E000C96A7 /* ContentView.swift in Sources */,
				FBCB5EBD2910950E000C96A7 /* HLSStreamerApp.swift in Sources */,
				FBCB5ECC291096C9000C96A7 /* ScreenRecorder.swift in Sources */,
			);
			runOnlyForDeploymentPostprocessing = 0;
		};
		FBCB5EEA2910BA3C000C96A7 /* Sources */ = {
			isa = PBXSourcesBuildPhase;
			buildActionMask = 2147483647;
			files = (
				FBCB5F0B2910BB9B000C96A7 /* HLSServer.swift in Sources */,
				FBCB5EF22910BA3C000C96A7 /* SampleHandler.swift in Sources */,
				FBE708B12911133D00A4FA3F /* Configuration.swift in Sources */,
				FBA929EC29112EAC00785A41 /* Segment.swift in Sources */,
				FBA929E829112CA000785A41 /* HtmlComponents.swift in Sources */,
				FBA929EA29112DB200785A41 /* M3u8Collector.swift in Sources */,
				FBCB5F112910C166000C96A7 /* VideoSegmenter.swift in Sources */,
			);
			runOnlyForDeploymentPostprocessing = 0;
		};
		FBCB5EF42910BA3C000C96A7 /* Sources */ = {
			isa = PBXSourcesBuildPhase;
			buildActionMask = 2147483647;
			files = (
				FBCB5EFD2910BA3C000C96A7 /* BroadcastSetupViewController.swift in Sources */,
			);
			runOnlyForDeploymentPostprocessing = 0;
		};
/* End PBXSourcesBuildPhase section */

/* Begin PBXTargetDependency section */
		FBCB5F002910BA3C000C96A7 /* PBXTargetDependency */ = {
			isa = PBXTargetDependency;
			target = FBCB5EF72910BA3C000C96A7 /* HLSStreamerContentUploadExtensionSetupUI */;
			targetProxy = FBCB5EFF2910BA3C000C96A7 /* PBXContainerItemProxy */;
		};
		FBCB5F032910BA3C000C96A7 /* PBXTargetDependency */ = {
			isa = PBXTargetDependency;
			target = FBCB5EED2910BA3C000C96A7 /* HLSStreamerContentUploadExtension */;
			targetProxy = FBCB5F022910BA3C000C96A7 /* PBXContainerItemProxy */;
		};
/* End PBXTargetDependency section */

/* Begin XCBuildConfiguration section */
		FBCB5EC52910950E000C96A7 /* Debug */ = {
			isa = XCBuildConfiguration;
			buildSettings = {
				ALWAYS_SEARCH_USER_PATHS = NO;
				CLANG_ANALYZER_NONNULL = YES;
				CLANG_ANALYZER_NUMBER_OBJECT_CONVERSION = YES_AGGRESSIVE;
				CLANG_CXX_LANGUAGE_STANDARD = "gnu++20";
				CLANG_ENABLE_MODULES = YES;
				CLANG_ENABLE_OBJC_ARC = YES;
				CLANG_ENABLE_OBJC_WEAK = YES;
				CLANG_WARN_BLOCK_CAPTURE_AUTORELEASING = YES;
				CLANG_WARN_BOOL_CONVERSION = YES;
				CLANG_WARN_COMMA = YES;
				CLANG_WARN_CONSTANT_CONVERSION = YES;
				CLANG_WARN_DEPRECATED_OBJC_IMPLEMENTATIONS = YES;
				CLANG_WARN_DIRECT_OBJC_ISA_USAGE = YES_ERROR;
				CLANG_WARN_DOCUMENTATION_COMMENTS = YES;
				CLANG_WARN_EMPTY_BODY = YES;
				CLANG_WARN_ENUM_CONVERSION = YES;
				CLANG_WARN_INFINITE_RECURSION = YES;
				CLANG_WARN_INT_CONVERSION = YES;
				CLANG_WARN_NON_LITERAL_NULL_CONVERSION = YES;
				CLANG_WARN_OBJC_IMPLICIT_RETAIN_SELF = YES;
				CLANG_WARN_OBJC_LITERAL_CONVERSION = YES;
				CLANG_WARN_OBJC_ROOT_CLASS = YES_ERROR;
				CLANG_WARN_QUOTED_INCLUDE_IN_FRAMEWORK_HEADER = YES;
				CLANG_WARN_RANGE_LOOP_ANALYSIS = YES;
				CLANG_WARN_STRICT_PROTOTYPES = YES;
				CLANG_WARN_SUSPICIOUS_MOVE = YES;
				CLANG_WARN_UNGUARDED_AVAILABILITY = YES_AGGRESSIVE;
				CLANG_WARN_UNREACHABLE_CODE = YES;
				CLANG_WARN__DUPLICATE_METHOD_MATCH = YES;
				COPY_PHASE_STRIP = NO;
				DEBUG_INFORMATION_FORMAT = dwarf;
				ENABLE_STRICT_OBJC_MSGSEND = YES;
				ENABLE_TESTABILITY = YES;
				GCC_C_LANGUAGE_STANDARD = gnu11;
				GCC_DYNAMIC_NO_PIC = NO;
				GCC_NO_COMMON_BLOCKS = YES;
				GCC_OPTIMIZATION_LEVEL = 0;
				GCC_PREPROCESSOR_DEFINITIONS = (
					"DEBUG=1",
					"$(inherited)",
				);
				GCC_WARN_64_TO_32_BIT_CONVERSION = YES;
				GCC_WARN_ABOUT_RETURN_TYPE = YES_ERROR;
				GCC_WARN_UNDECLARED_SELECTOR = YES;
				GCC_WARN_UNINITIALIZED_AUTOS = YES_AGGRESSIVE;
				GCC_WARN_UNUSED_FUNCTION = YES;
				GCC_WARN_UNUSED_VARIABLE = YES;
				IPHONEOS_DEPLOYMENT_TARGET = 16.0;
				MTL_ENABLE_DEBUG_INFO = INCLUDE_SOURCE;
				MTL_FAST_MATH = YES;
				ONLY_ACTIVE_ARCH = YES;
				SDKROOT = iphoneos;
				SWIFT_ACTIVE_COMPILATION_CONDITIONS = DEBUG;
				SWIFT_OPTIMIZATION_LEVEL = "-Onone";
			};
			name = Debug;
		};
		FBCB5EC62910950E000C96A7 /* Release */ = {
			isa = XCBuildConfiguration;
			buildSettings = {
				ALWAYS_SEARCH_USER_PATHS = NO;
				CLANG_ANALYZER_NONNULL = YES;
				CLANG_ANALYZER_NUMBER_OBJECT_CONVERSION = YES_AGGRESSIVE;
				CLANG_CXX_LANGUAGE_STANDARD = "gnu++20";
				CLANG_ENABLE_MODULES = YES;
				CLANG_ENABLE_OBJC_ARC = YES;
				CLANG_ENABLE_OBJC_WEAK = YES;
				CLANG_WARN_BLOCK_CAPTURE_AUTORELEASING = YES;
				CLANG_WARN_BOOL_CONVERSION = YES;
				CLANG_WARN_COMMA = YES;
				CLANG_WARN_CONSTANT_CONVERSION = YES;
				CLANG_WARN_DEPRECATED_OBJC_IMPLEMENTATIONS = YES;
				CLANG_WARN_DIRECT_OBJC_ISA_USAGE = YES_ERROR;
				CLANG_WARN_DOCUMENTATION_COMMENTS = YES;
				CLANG_WARN_EMPTY_BODY = YES;
				CLANG_WARN_ENUM_CONVERSION = YES;
				CLANG_WARN_INFINITE_RECURSION = YES;
				CLANG_WARN_INT_CONVERSION = YES;
				CLANG_WARN_NON_LITERAL_NULL_CONVERSION = YES;
				CLANG_WARN_OBJC_IMPLICIT_RETAIN_SELF = YES;
				CLANG_WARN_OBJC_LITERAL_CONVERSION = YES;
				CLANG_WARN_OBJC_ROOT_CLASS = YES_ERROR;
				CLANG_WARN_QUOTED_INCLUDE_IN_FRAMEWORK_HEADER = YES;
				CLANG_WARN_RANGE_LOOP_ANALYSIS = YES;
				CLANG_WARN_STRICT_PROTOTYPES = YES;
				CLANG_WARN_SUSPICIOUS_MOVE = YES;
				CLANG_WARN_UNGUARDED_AVAILABILITY = YES_AGGRESSIVE;
				CLANG_WARN_UNREACHABLE_CODE = YES;
				CLANG_WARN__DUPLICATE_METHOD_MATCH = YES;
				COPY_PHASE_STRIP = NO;
				DEBUG_INFORMATION_FORMAT = "dwarf-with-dsym";
				ENABLE_NS_ASSERTIONS = NO;
				ENABLE_STRICT_OBJC_MSGSEND = YES;
				GCC_C_LANGUAGE_STANDARD = gnu11;
				GCC_NO_COMMON_BLOCKS = YES;
				GCC_WARN_64_TO_32_BIT_CONVERSION = YES;
				GCC_WARN_ABOUT_RETURN_TYPE = YES_ERROR;
				GCC_WARN_UNDECLARED_SELECTOR = YES;
				GCC_WARN_UNINITIALIZED_AUTOS = YES_AGGRESSIVE;
				GCC_WARN_UNUSED_FUNCTION = YES;
				GCC_WARN_UNUSED_VARIABLE = YES;
				IPHONEOS_DEPLOYMENT_TARGET = 16.0;
				MTL_ENABLE_DEBUG_INFO = NO;
				MTL_FAST_MATH = YES;
				SDKROOT = iphoneos;
				SWIFT_COMPILATION_MODE = wholemodule;
				SWIFT_OPTIMIZATION_LEVEL = "-O";
				VALIDATE_PRODUCT = YES;
			};
			name = Release;
		};
		FBCB5EC82910950E000C96A7 /* Debug */ = {
			isa = XCBuildConfiguration;
			buildSettings = {
				ALWAYS_EMBED_SWIFT_STANDARD_LIBRARIES = YES;
				ASSETCATALOG_COMPILER_APPICON_NAME = AppIcon;
				ASSETCATALOG_COMPILER_GLOBAL_ACCENT_COLOR_NAME = AccentColor;
				CODE_SIGN_ENTITLEMENTS = HLSStreamer/HLSStreamer.entitlements;
				CODE_SIGN_STYLE = Automatic;
				CURRENT_PROJECT_VERSION = 1;
				DEVELOPMENT_ASSET_PATHS = "\"HLSStreamer/Preview Content\"";
				DEVELOPMENT_TEAM = F865XNG7F7;
				ENABLE_PREVIEWS = YES;
				GENERATE_INFOPLIST_FILE = YES;
				INFOPLIST_FILE = HLSStreamer/Info.plist;
				INFOPLIST_KEY_UIApplicationSceneManifest_Generation = YES;
				INFOPLIST_KEY_UIApplicationSupportsIndirectInputEvents = YES;
				INFOPLIST_KEY_UILaunchScreen_Generation = YES;
				INFOPLIST_KEY_UISupportedInterfaceOrientations = "UIInterfaceOrientationLandscapeLeft UIInterfaceOrientationLandscapeRight UIInterfaceOrientationPortrait UIInterfaceOrientationPortraitUpsideDown";
				LD_RUNPATH_SEARCH_PATHS = (
					"$(inherited)",
					"@executable_path/Frameworks",
				);
				MARKETING_VERSION = 1.0;
				PRODUCT_BUNDLE_IDENTIFIER = dev.jdkula.HLSStreamer;
				PRODUCT_NAME = "$(TARGET_NAME)";
				SWIFT_EMIT_LOC_STRINGS = YES;
				SWIFT_VERSION = 5.0;
				TARGETED_DEVICE_FAMILY = "1,2";
			};
			name = Debug;
		};
		FBCB5EC92910950E000C96A7 /* Release */ = {
			isa = XCBuildConfiguration;
			buildSettings = {
				ALWAYS_EMBED_SWIFT_STANDARD_LIBRARIES = YES;
				ASSETCATALOG_COMPILER_APPICON_NAME = AppIcon;
				ASSETCATALOG_COMPILER_GLOBAL_ACCENT_COLOR_NAME = AccentColor;
				CODE_SIGN_ENTITLEMENTS = HLSStreamer/HLSStreamer.entitlements;
				CODE_SIGN_STYLE = Automatic;
				CURRENT_PROJECT_VERSION = 1;
				DEVELOPMENT_ASSET_PATHS = "\"HLSStreamer/Preview Content\"";
				DEVELOPMENT_TEAM = F865XNG7F7;
				ENABLE_PREVIEWS = YES;
				GENERATE_INFOPLIST_FILE = YES;
				INFOPLIST_FILE = HLSStreamer/Info.plist;
				INFOPLIST_KEY_UIApplicationSceneManifest_Generation = YES;
				INFOPLIST_KEY_UIApplicationSupportsIndirectInputEvents = YES;
				INFOPLIST_KEY_UILaunchScreen_Generation = YES;
				INFOPLIST_KEY_UISupportedInterfaceOrientations = "UIInterfaceOrientationLandscapeLeft UIInterfaceOrientationLandscapeRight UIInterfaceOrientationPortrait UIInterfaceOrientationPortraitUpsideDown";
				LD_RUNPATH_SEARCH_PATHS = (
					"$(inherited)",
					"@executable_path/Frameworks",
				);
				MARKETING_VERSION = 1.0;
				PRODUCT_BUNDLE_IDENTIFIER = dev.jdkula.HLSStreamer;
				PRODUCT_NAME = "$(TARGET_NAME)";
				SWIFT_EMIT_LOC_STRINGS = YES;
				SWIFT_VERSION = 5.0;
				TARGETED_DEVICE_FAMILY = "1,2";
			};
			name = Release;
		};
		FBCB5F062910BA3C000C96A7 /* Debug */ = {
			isa = XCBuildConfiguration;
			buildSettings = {
				CODE_SIGN_STYLE = Automatic;
				CURRENT_PROJECT_VERSION = 1;
				DEVELOPMENT_TEAM = F865XNG7F7;
				GENERATE_INFOPLIST_FILE = YES;
				INFOPLIST_FILE = HLSStreamerContentUploadExtensionSetupUI/Info.plist;
				INFOPLIST_KEY_CFBundleDisplayName = HLSStreamerContentUploadExtensionSetupUI;
				INFOPLIST_KEY_NSHumanReadableCopyright = "";
				LD_RUNPATH_SEARCH_PATHS = (
					"$(inherited)",
					"@executable_path/Frameworks",
					"@executable_path/../../Frameworks",
				);
				MARKETING_VERSION = 1.0;
				PRODUCT_BUNDLE_IDENTIFIER = dev.jdkula.HLSStreamer.HLSStreamerContentUploadExtensionSetupUI;
				PRODUCT_NAME = "$(TARGET_NAME)";
				SKIP_INSTALL = YES;
				SWIFT_EMIT_LOC_STRINGS = YES;
				SWIFT_VERSION = 5.0;
				TARGETED_DEVICE_FAMILY = "1,2";
			};
			name = Debug;
		};
		FBCB5F072910BA3C000C96A7 /* Release */ = {
			isa = XCBuildConfiguration;
			buildSettings = {
				CODE_SIGN_STYLE = Automatic;
				CURRENT_PROJECT_VERSION = 1;
				DEVELOPMENT_TEAM = F865XNG7F7;
				GENERATE_INFOPLIST_FILE = YES;
				INFOPLIST_FILE = HLSStreamerContentUploadExtensionSetupUI/Info.plist;
				INFOPLIST_KEY_CFBundleDisplayName = HLSStreamerContentUploadExtensionSetupUI;
				INFOPLIST_KEY_NSHumanReadableCopyright = "";
				LD_RUNPATH_SEARCH_PATHS = (
					"$(inherited)",
					"@executable_path/Frameworks",
					"@executable_path/../../Frameworks",
				);
				MARKETING_VERSION = 1.0;
				PRODUCT_BUNDLE_IDENTIFIER = dev.jdkula.HLSStreamer.HLSStreamerContentUploadExtensionSetupUI;
				PRODUCT_NAME = "$(TARGET_NAME)";
				SKIP_INSTALL = YES;
				SWIFT_EMIT_LOC_STRINGS = YES;
				SWIFT_VERSION = 5.0;
				TARGETED_DEVICE_FAMILY = "1,2";
			};
			name = Release;
		};
		FBCB5F092910BA3C000C96A7 /* Debug */ = {
			isa = XCBuildConfiguration;
			buildSettings = {
				CODE_SIGN_STYLE = Automatic;
				CURRENT_PROJECT_VERSION = 1;
				DEVELOPMENT_TEAM = F865XNG7F7;
				GENERATE_INFOPLIST_FILE = YES;
				INFOPLIST_FILE = HLSStreamerContentUploadExtension/Info.plist;
				INFOPLIST_KEY_CFBundleDisplayName = HLSStreamerContentUploadExtension;
				INFOPLIST_KEY_NSHumanReadableCopyright = "";
				LD_RUNPATH_SEARCH_PATHS = (
					"$(inherited)",
					"@executable_path/Frameworks",
					"@executable_path/../../Frameworks",
				);
				MARKETING_VERSION = 1.0;
				PRODUCT_BUNDLE_IDENTIFIER = dev.jdkula.HLSStreamer.HLSStreamerContentUploadExtension;
				PRODUCT_NAME = "$(TARGET_NAME)";
				SKIP_INSTALL = YES;
				SWIFT_EMIT_LOC_STRINGS = YES;
				SWIFT_VERSION = 5.0;
				TARGETED_DEVICE_FAMILY = "1,2";
			};
			name = Debug;
		};
		FBCB5F0A2910BA3C000C96A7 /* Release */ = {
			isa = XCBuildConfiguration;
			buildSettings = {
				CODE_SIGN_STYLE = Automatic;
				CURRENT_PROJECT_VERSION = 1;
				DEVELOPMENT_TEAM = F865XNG7F7;
				GENERATE_INFOPLIST_FILE = YES;
				INFOPLIST_FILE = HLSStreamerContentUploadExtension/Info.plist;
				INFOPLIST_KEY_CFBundleDisplayName = HLSStreamerContentUploadExtension;
				INFOPLIST_KEY_NSHumanReadableCopyright = "";
				LD_RUNPATH_SEARCH_PATHS = (
					"$(inherited)",
					"@executable_path/Frameworks",
					"@executable_path/../../Frameworks",
				);
				MARKETING_VERSION = 1.0;
				PRODUCT_BUNDLE_IDENTIFIER = dev.jdkula.HLSStreamer.HLSStreamerContentUploadExtension;
				PRODUCT_NAME = "$(TARGET_NAME)";
				SKIP_INSTALL = YES;
				SWIFT_EMIT_LOC_STRINGS = YES;
				SWIFT_VERSION = 5.0;
				TARGETED_DEVICE_FAMILY = "1,2";
			};
			name = Release;
		};
/* End XCBuildConfiguration section */

/* Begin XCConfigurationList section */
		FBCB5EB42910950E000C96A7 /* Build configuration list for PBXProject "HLSStreamer" */ = {
			isa = XCConfigurationList;
			buildConfigurations = (
				FBCB5EC52910950E000C96A7 /* Debug */,
				FBCB5EC62910950E000C96A7 /* Release */,
			);
			defaultConfigurationIsVisible = 0;
			defaultConfigurationName = Release;
		};
		FBCB5EC72910950E000C96A7 /* Build configuration list for PBXNativeTarget "HLSStreamer" */ = {
			isa = XCConfigurationList;
			buildConfigurations = (
				FBCB5EC82910950E000C96A7 /* Debug */,
				FBCB5EC92910950E000C96A7 /* Release */,
			);
			defaultConfigurationIsVisible = 0;
			defaultConfigurationName = Release;
		};
		FBCB5F052910BA3C000C96A7 /* Build configuration list for PBXNativeTarget "HLSStreamerContentUploadExtensionSetupUI" */ = {
			isa = XCConfigurationList;
			buildConfigurations = (
				FBCB5F062910BA3C000C96A7 /* Debug */,
				FBCB5F072910BA3C000C96A7 /* Release */,
			);
			defaultConfigurationIsVisible = 0;
			defaultConfigurationName = Release;
		};
		FBCB5F082910BA3C000C96A7 /* Build configuration list for PBXNativeTarget "HLSStreamerContentUploadExtension" */ = {
			isa = XCConfigurationList;
			buildConfigurations = (
				FBCB5F092910BA3C000C96A7 /* Debug */,
				FBCB5F0A2910BA3C000C96A7 /* Release */,
			);
			defaultConfigurationIsVisible = 0;
			defaultConfigurationName = Release;
		};
/* End XCConfigurationList section */

/* Begin XCRemoteSwiftPackageReference section */
		FBCB5ED12910B4C6000C96A7 /* XCRemoteSwiftPackageReference "swifter" */ = {
			isa = XCRemoteSwiftPackageReference;
			repositoryURL = "https://github.com/httpswift/swifter.git";
			requirement = {
				kind = upToNextMajorVersion;
				minimumVersion = 1.0.0;
			};
		};
/* End XCRemoteSwiftPackageReference section */

/* Begin XCSwiftPackageProductDependency section */
		FBCB5ED22910B4C6000C96A7 /* Swifter */ = {
			isa = XCSwiftPackageProductDependency;
			package = FBCB5ED12910B4C6000C96A7 /* XCRemoteSwiftPackageReference "swifter" */;
			productName = Swifter;
		};
		FBCB5F0E2910BDBE000C96A7 /* Swifter */ = {
			isa = XCSwiftPackageProductDependency;
			package = FBCB5ED12910B4C6000C96A7 /* XCRemoteSwiftPackageReference "swifter" */;
			productName = Swifter;
		};
/* End XCSwiftPackageProductDependency section */
	};
	rootObject = FBCB5EB12910950E000C96A7 /* Project object */;
}
